
Microsoft Visual Studio Solution File, Format Version 12.00
# Visual Studio Version 17
VisualStudioVersion = 17.5.33627.172
MinimumVisualStudioVersion = 10.0.40219.1
Project("{2150E333-8FDC-42A3-9474-1A3956D46DE8}") = "src", "src", "{9A29A5EC-6D97-44FC-ABA2-1C440D58E53B}"
EndProject
Project("{9A19103F-16F7-4668-BE54-9A1E7A4F7556}") = "Data", "src\Data\Data.csproj", "{00F7D469-782F-46AD-B6E5-B310A7174766}"
EndProject
Project("{9A19103F-16F7-4668-BE54-9A1E7A4F7556}") = "Domain", "src\Domain\Domain.csproj", "{748D22EE-8EF1-418F-A578-E9326F53CD31}"
EndProject
Project("{9A19103F-16F7-4668-BE54-9A1E7A4F7556}") = "Service", "src\Service\Service.csproj", "{8613B6CA-485F-4A3C-849C-16FB600178E2}"
EndProject
Project("{9A19103F-16F7-4668-BE54-9A1E7A4F7556}") = "TopMarket", "src\TopMarket\TopMarket.csproj", "{2DAFBAD6-6A4A-4F96-9BA3-DAE31FD2B5A5}"
EndProject
Project("{9A19103F-16F7-4668-BE54-9A1E7A4F7556}") = "Shared", "src\Shared\Shared.csproj", "{30D7DC15-273D-4E90-9501-A62F11E44FCF}"
EndProject
Project("{2150E333-8FDC-42A3-9474-1A3956D46DE8}") = "test", "test", "{54EB899B-6DA2-4452-A380-B8156F2B72C3}"
EndProject
Project("{9A19103F-16F7-4668-BE54-9A1E7A4F7556}") = "TopMarket.UnitTest", "TopMarket.Test\TopMarket.UnitTest.csproj", "{79465E15-CA40-445B-A8CE-F568EC751357}"
EndProject
Project("{FAE04EC0-301F-11D3-BF4B-00C04F79EFBC}") = "TopMarket.IntegrationTest", "TopMarket.IntegrationTest\TopMarket.IntegrationTest.csproj", "{8F6914BB-E30B-4078-A1F9-C1A81A15D8F8}"
EndProject
Global
	GlobalSection(SolutionConfigurationPlatforms) = preSolution
		Debug|Any CPU = Debug|Any CPU
		Release|Any CPU = Release|Any CPU
	EndGlobalSection
	GlobalSection(ProjectConfigurationPlatforms) = postSolution
		{00F7D469-782F-46AD-B6E5-B310A7174766}.Debug|Any CPU.ActiveCfg = Debug|Any CPU
		{00F7D469-782F-46AD-B6E5-B310A7174766}.Debug|Any CPU.Build.0 = Debug|Any CPU
		{00F7D469-782F-46AD-B6E5-B310A7174766}.Release|Any CPU.ActiveCfg = Release|Any CPU
		{00F7D469-782F-46AD-B6E5-B310A7174766}.Release|Any CPU.Build.0 = Release|Any CPU
		{748D22EE-8EF1-418F-A578-E9326F53CD31}.Debug|Any CPU.ActiveCfg = Debug|Any CPU
		{748D22EE-8EF1-418F-A578-E9326F53CD31}.Debug|Any CPU.Build.0 = Debug|Any CPU
		{748D22EE-8EF1-418F-A578-E9326F53CD31}.Release|Any CPU.ActiveCfg = Release|Any CPU
		{748D22EE-8EF1-418F-A578-E9326F53CD31}.Release|Any CPU.Build.0 = Release|Any CPU
		{8613B6CA-485F-4A3C-849C-16FB600178E2}.Debug|Any CPU.ActiveCfg = Debug|Any CPU
		{8613B6CA-485F-4A3C-849C-16FB600178E2}.Debug|Any CPU.Build.0 = Debug|Any CPU
		{8613B6CA-485F-4A3C-849C-16FB600178E2}.Release|Any CPU.ActiveCfg = Release|Any CPU
		{8613B6CA-485F-4A3C-849C-16FB600178E2}.Release|Any CPU.Build.0 = Release|Any CPU
		{2DAFBAD6-6A4A-4F96-9BA3-DAE31FD2B5A5}.Debug|Any CPU.ActiveCfg = Debug|Any CPU
		{2DAFBAD6-6A4A-4F96-9BA3-DAE31FD2B5A5}.Debug|Any CPU.Build.0 = Debug|Any CPU
		{2DAFBAD6-6A4A-4F96-9BA3-DAE31FD2B5A5}.Release|Any CPU.ActiveCfg = Release|Any CPU
		{2DAFBAD6-6A4A-4F96-9BA3-DAE31FD2B5A5}.Release|Any CPU.Build.0 = Release|Any CPU
		{30D7DC15-273D-4E90-9501-A62F11E44FCF}.Debug|Any CPU.ActiveCfg = Debug|Any CPU
		{30D7DC15-273D-4E90-9501-A62F11E44FCF}.Debug|Any CPU.Build.0 = Debug|Any CPU
		{30D7DC15-273D-4E90-9501-A62F11E44FCF}.Release|Any CPU.ActiveCfg = Release|Any CPU
		{30D7DC15-273D-4E90-9501-A62F11E44FCF}.Release|Any CPU.Build.0 = Release|Any CPU
		{79465E15-CA40-445B-A8CE-F568EC751357}.Debug|Any CPU.ActiveCfg = Debug|Any CPU
		{79465E15-CA40-445B-A8CE-F568EC751357}.Debug|Any CPU.Build.0 = Debug|Any CPU
		{79465E15-CA40-445B-A8CE-F568EC751357}.Release|Any CPU.ActiveCfg = Release|Any CPU
		{79465E15-CA40-445B-A8CE-F568EC751357}.Release|Any CPU.Build.0 = Release|Any CPU
		{8F6914BB-E30B-4078-A1F9-C1A81A15D8F8}.Debug|Any CPU.ActiveCfg = Debug|Any CPU
		{8F6914BB-E30B-4078-A1F9-C1A81A15D8F8}.Debug|Any CPU.Build.0 = Debug|Any CPU
		{8F6914BB-E30B-4078-A1F9-C1A81A15D8F8}.Release|Any CPU.ActiveCfg = Release|Any CPU
		{8F6914BB-E30B-4078-A1F9-C1A81A15D8F8}.Release|Any CPU.Build.0 = Release|Any CPU
	EndGlobalSection
	GlobalSection(SolutionProperties) = preSolution
		HideSolutionNode = FALSE
	EndGlobalSection
	GlobalSection(NestedProjects) = preSolution
		{00F7D469-782F-46AD-B6E5-B310A7174766} = {9A29A5EC-6D97-44FC-ABA2-1C440D58E53B}
		{748D22EE-8EF1-418F-A578-E9326F53CD31} = {9A29A5EC-6D97-44FC-ABA2-1C440D58E53B}
		{8613B6CA-485F-4A3C-849C-16FB600178E2} = {9A29A5EC-6D97-44FC-ABA2-1C440D58E53B}
		{2DAFBAD6-6A4A-4F96-9BA3-DAE31FD2B5A5} = {9A29A5EC-6D97-44FC-ABA2-1C440D58E53B}
		{30D7DC15-273D-4E90-9501-A62F11E44FCF} = {9A29A5EC-6D97-44FC-ABA2-1C440D58E53B}
		{79465E15-CA40-445B-A8CE-F568EC751357} = {54EB899B-6DA2-4452-A380-B8156F2B72C3}
		{8F6914BB-E30B-4078-A1F9-C1A81A15D8F8} = {54EB899B-6DA2-4452-A380-B8156F2B72C3}
	EndGlobalSection
	GlobalSection(ExtensibilityGlobals) = postSolution
		SolutionGuid = {90F85F2A-3279-43E4-ACCB-0195B8C89482}
	EndGlobalSection
EndGlobal
